
Microsoft Visual Studio Solution File, Format Version 12.00
# Visual Studio Version 16
VisualStudioVersion = 16.0.30523.141
MinimumVisualStudioVersion = 10.0.40219.1
Project("{FAE04EC0-301F-11D3-BF4B-00C04F79EFBC}") = "DXTestbuild", "DXTestbuild\DXTestbuild.csproj", "{631688A8-BCBA-4C00-AAC2-A106DC6048E1}"
EndProject
Global
	GlobalSection(SolutionConfigurationPlatforms) = preSolution
		Debug|Any CPU = Debug|Any CPU
		Debug|x64 = Debug|x64
		Release|Any CPU = Release|Any CPU
		Release|x64 = Release|x64
	EndGlobalSection
	GlobalSection(ProjectConfigurationPlatforms) = postSolution
		{631688A8-BCBA-4C00-AAC2-A106DC6048E1}.Debug|Any CPU.ActiveCfg = Debug|Any CPU
		{631688A8-BCBA-4C00-AAC2-A106DC6048E1}.Debug|Any CPU.Build.0 = Debug|Any CPU
		{631688A8-BCBA-4C00-AAC2-A106DC6048E1}.Debug|x64.ActiveCfg = Debug|x64
		{631688A8-BCBA-4C00-AAC2-A106DC6048E1}.Debug|x64.Build.0 = Debug|x64
		{631688A8-BCBA-4C00-AAC2-A106DC6048E1}.Release|Any CPU.ActiveCfg = Release|Any CPU
		{631688A8-BCBA-4C00-AAC2-A106DC6048E1}.Release|Any CPU.Build.0 = Release|Any CPU
		{631688A8-BCBA-4C00-AAC2-A106DC6048E1}.Release|x64.ActiveCfg = Release|x64
		{631688A8-BCBA-4C00-AAC2-A106DC6048E1}.Release|x64.Build.0 = Release|x64
	EndGlobalSection
	GlobalSection(SolutionProperties) = preSolution
		HideSolutionNode = FALSE
	EndGlobalSection
	GlobalSection(ExtensibilityGlobals) = postSolution
		SolutionGuid = {23651FC9-AD2D-4C22-8F11-C0547EE5F5B3}
	EndGlobalSection
EndGlobal
